# This file is generated by running "yarn install" inside your project.
# Manual changes might be lost - proceed with caution!

__metadata:
  version: 10
  cacheKey: 10c0

"@augment-vir/assert@npm:^31.59.3, @augment-vir/assert@npm:^31.71.3, @augment-vir/assert@npm:^31.73.1, @augment-vir/assert@npm:^31.73.2":
  version: 31.73.2
  resolution: "@augment-vir/assert@npm:31.73.2"
  dependencies:
    "@augment-vir/core": "npm:^31.73.2"
    "@date-vir/duration": "npm:^8.5.0"
    deep-eql: "npm:^5.0.2"
    expect-type: "npm:^1.3.0"
    type-fest: "npm:^5.7.0"
  checksum: 10c0/dcbc67221475c0ea6be132177f8443f8b7edcad7ba710cb1082b93a4ef17eb409de470dc3bb4e20e29869673895f83c7e438c957019945c44d7f9efb05779629
  languageName: node
  linkType: hard

"@augment-vir/common@npm:^31.59.3, @augment-vir/common@npm:^31.71.3":
  version: 31.73.2
  resolution: "@augment-vir/common@npm:31.73.2"
  dependencies:
    "@augment-vir/assert": "npm:^31.73.2"
    "@augment-vir/core": "npm:^31.73.2"
    "@date-vir/duration": "npm:^8.5.0"
    "@paralleldrive/cuid2": "npm:^3.3.0"
    ansi-styles: "npm:^6.2.3"
    deepcopy-esm: "npm:^2.1.2"
    json5: "npm:^2.2.3"
    type-fest: "npm:^5.7.0"
    typed-event-target: "npm:^4.3.1"
  checksum: 10c0/61f2050228b557fd6f7f42ca4eab49e51858bade19289d39cebc2d7ff8f3aa4139e1320516813917d75d941b0c8f51bbfc36ea073939c47abbe389b46c435624
  languageName: node
  linkType: hard

"@augment-vir/core@npm:^31.71.3, @augment-vir/core@npm:^31.73.2":
  version: 31.73.2
  resolution: "@augment-vir/core@npm:31.73.2"
  dependencies:
    "@date-vir/duration": "npm:^8.5.0"
    browser-or-node: "npm:^3.0.0"
    diff: "npm:^9.0.0"
    json5: "npm:^2.2.3"
    type-fest: "npm:^5.7.0"
  checksum: 10c0/e8eb5009806dd928825317f13affaa742145930a8759aabb3bc67e2df83b347477880984dd365ceca662b06ace877b79b224ebe6f62ef5de74911f8f18693ea9
  languageName: node
  linkType: hard

"@collide-kit/collide-wfls@workspace:.":
  version: 0.0.0-use.local
  resolution: "@collide-kit/collide-wfls@workspace:."
  dependencies:
    "@prettier/plugin-oxc": "npm:^0.2.0"
    prettier: "npm:^3.9.1"
    prettier-plugin-multiline-arrays: "npm:^4.1.9"
    prettier-plugin-packagejson: "npm:^3.0.2"
    prettier-plugin-sort-json: "npm:^4.2.0"
  languageName: unknown
  linkType: soft

"@date-vir/duration@npm:^8.5.0":
  version: 8.6.1
  resolution: "@date-vir/duration@npm:8.6.1"
  dependencies:
    "@augment-vir/assert": "npm:^31.73.1"
    "@types/luxon": "npm:^3.7.1"
    luxon: "npm:^3.7.2"
    type-fest: "npm:^5.7.0"
  checksum: 10c0/1ecc107cd37d139ff80a685f25d69b11c93c56200f82d77fa0c76e1c5d127e9188595514c0dd4906c5932ed6c3df3e2a84f2f417c8b2981cebcf140f1a3b2516
  languageName: node
  linkType: hard

"@emnapi/core@npm:1.11.1":
  version: 1.11.1
  resolution: "@emnapi/core@npm:1.11.1"
  dependencies:
    "@emnapi/wasi-threads": "npm:1.2.2"
    tslib: "npm:^2.4.0"
  checksum: 10c0/2c6defdac2d1d26090384655d7d6c9614fa553853b1760597686749e9375dc2aa0dae80a2615b81c254600f5d531d07d8466cde0d331a8caae64b93f3ca5937e
  languageName: node
  linkType: hard

"@emnapi/runtime@npm:1.11.1":
  version: 1.11.1
  resolution: "@emnapi/runtime@npm:1.11.1"
  dependencies:
    tslib: "npm:^2.4.0"
  checksum: 10c0/04332fb62076afc440aa23316c04bec42f584ca8b074e5507d08e2b33a47cbe0493b1aadb8f3c1057b64ae1e17f5bde1a7bc37f7facc9d0bc25c18197cbd366f
  languageName: node
  linkType: hard

"@emnapi/wasi-threads@npm:1.2.2":
  version: 1.2.2
  resolution: "@emnapi/wasi-threads@npm:1.2.2"
  dependencies:
    tslib: "npm:^2.4.0"
  checksum: 10c0/f0dc8269d6b20ae5a7c7b36e7a6a333452009d461038ef4febb29da2f3f78c1e2b1576d7e8970a5c5789ed3caedc1f80f5b0c2a5373bdaf8d03b20432bb55747
  languageName: node
  linkType: hard

"@napi-rs/wasm-runtime@npm:^1.1.5":
  version: 1.1.6
  resolution: "@napi-rs/wasm-runtime@npm:1.1.6"
  dependencies:
    "@tybys/wasm-util": "npm:^0.10.3"
  peerDependencies:
    "@emnapi/core": ^1.7.1
    "@emnapi/runtime": ^1.7.1
  checksum: 10c0/344518bf3ef65051dda4c00969f293aa4a21ab7dc7822b3f48519b17cd5eaa3f0bc34898d115d50ba59b1817a0cb905d46f7a7223c8249239cd14c28db388e10
  languageName: node
  linkType: hard

"@noble/hashes@npm:^2.0.1":
  version: 2.2.0
  resolution: "@noble/hashes@npm:2.2.0"
  checksum: 10c0/cad8630c504d6b9271984f685cd0af9101b40988fc2dfbe17ccdf068a9941f95cc5c9957d89e9ca4b7ca94c15cb35f93510c5d53a09fbcc83ee503b93d0a1034
  languageName: node
  linkType: hard

"@oxc-parser/binding-android-arm-eabi@npm:0.137.0":
  version: 0.137.0
  resolution: "@oxc-parser/binding-android-arm-eabi@npm:0.137.0"
  conditions: os=android & cpu=arm
  languageName: node
  linkType: hard

"@oxc-parser/binding-android-arm64@npm:0.137.0":
  version: 0.137.0
  resolution: "@oxc-parser/binding-android-arm64@npm:0.137.0"
  conditions: os=android & cpu=arm64
  languageName: node
  linkType: hard

"@oxc-parser/binding-darwin-arm64@npm:0.137.0":
  version: 0.137.0
  resolution: "@oxc-parser/binding-darwin-arm64@npm:0.137.0"
  conditions: os=darwin & cpu=arm64
  languageName: node
  linkType: hard

"@oxc-parser/binding-darwin-x64@npm:0.137.0":
  version: 0.137.0
  resolution: "@oxc-parser/binding-darwin-x64@npm:0.137.0"
  conditions: os=darwin & cpu=x64
  languageName: node
  linkType: hard

"@oxc-parser/binding-freebsd-x64@npm:0.137.0":
  version: 0.137.0
  resolution: "@oxc-parser/binding-freebsd-x64@npm:0.137.0"
  conditions: os=freebsd & cpu=x64
  languageName: node
  linkType: hard

"@oxc-parser/binding-linux-arm-gnueabihf@npm:0.137.0":
  version: 0.137.0
  resolution: "@oxc-parser/binding-linux-arm-gnueabihf@npm:0.137.0"
  conditions: os=linux & cpu=arm
  languageName: node
  linkType: hard

"@oxc-parser/binding-linux-arm-musleabihf@npm:0.137.0":
  version: 0.137.0
  resolution: "@oxc-parser/binding-linux-arm-musleabihf@npm:0.137.0"
  conditions: os=linux & cpu=arm
  languageName: node
  linkType: hard

"@oxc-parser/binding-linux-arm64-gnu@npm:0.137.0":
  version: 0.137.0
  resolution: "@oxc-parser/binding-linux-arm64-gnu@npm:0.137.0"
  conditions: os=linux & cpu=arm64 & libc=glibc
  languageName: node
  linkType: hard

"@oxc-parser/binding-linux-arm64-musl@npm:0.137.0":
  version: 0.137.0
  resolution: "@oxc-parser/binding-linux-arm64-musl@npm:0.137.0"
  conditions: os=linux & cpu=arm64 & libc=musl
  languageName: node
  linkType: hard

"@oxc-parser/binding-linux-ppc64-gnu@npm:0.137.0":
  version: 0.137.0
  resolution: "@oxc-parser/binding-linux-ppc64-gnu@npm:0.137.0"
  conditions: os=linux & cpu=ppc64 & libc=glibc
  languageName: node
  linkType: hard

"@oxc-parser/binding-linux-riscv64-gnu@npm:0.137.0":
  version: 0.137.0
  resolution: "@oxc-parser/binding-linux-riscv64-gnu@npm:0.137.0"
  conditions: os=linux & cpu=riscv64 & libc=glibc
  languageName: node
  linkType: hard

"@oxc-parser/binding-linux-riscv64-musl@npm:0.137.0":
  version: 0.137.0
  resolution: "@oxc-parser/binding-linux-riscv64-musl@npm:0.137.0"
  conditions: os=linux & cpu=riscv64 & libc=musl
  languageName: node
  linkType: hard

"@oxc-parser/binding-linux-s390x-gnu@npm:0.137.0":
  version: 0.137.0
  resolution: "@oxc-parser/binding-linux-s390x-gnu@npm:0.137.0"
  conditions: os=linux & cpu=s390x & libc=glibc
  languageName: node
  linkType: hard

"@oxc-parser/binding-linux-x64-gnu@npm:0.137.0":
  version: 0.137.0
  resolution: "@oxc-parser/binding-linux-x64-gnu@npm:0.137.0"
  conditions: os=linux & cpu=x64 & libc=glibc
  languageName: node
  linkType: hard

"@oxc-parser/binding-linux-x64-musl@npm:0.137.0":
  version: 0.137.0
  resolution: "@oxc-parser/binding-linux-x64-musl@npm:0.137.0"
  conditions: os=linux & cpu=x64 & libc=musl
  languageName: node
  linkType: hard

"@oxc-parser/binding-openharmony-arm64@npm:0.137.0":
  version: 0.137.0
  resolution: "@oxc-parser/binding-openharmony-arm64@npm:0.137.0"
  conditions: os=openharmony & cpu=arm64
  languageName: node
  linkType: hard

"@oxc-parser/binding-wasm32-wasi@npm:0.137.0":
  version: 0.137.0
  resolution: "@oxc-parser/binding-wasm32-wasi@npm:0.137.0"
  dependencies:
    "@emnapi/core": "npm:1.11.1"
    "@emnapi/runtime": "npm:1.11.1"
    "@napi-rs/wasm-runtime": "npm:^1.1.5"
  conditions: cpu=wasm32
  languageName: node
  linkType: hard

"@oxc-parser/binding-win32-arm64-msvc@npm:0.137.0":
  version: 0.137.0
  resolution: "@oxc-parser/binding-win32-arm64-msvc@npm:0.137.0"
  conditions: os=win32 & cpu=arm64
  languageName: node
  linkType: hard

"@oxc-parser/binding-win32-ia32-msvc@npm:0.137.0":
  version: 0.137.0
  resolution: "@oxc-parser/binding-win32-ia32-msvc@npm:0.137.0"
  conditions: os=win32 & cpu=ia32
  languageName: node
  linkType: hard

"@oxc-parser/binding-win32-x64-msvc@npm:0.137.0":
  version: 0.137.0
  resolution: "@oxc-parser/binding-win32-x64-msvc@npm:0.137.0"
  conditions: os=win32 & cpu=x64
  languageName: node
  linkType: hard

"@oxc-project/types@npm:^0.137.0":
  version: 0.137.0
  resolution: "@oxc-project/types@npm:0.137.0"
  checksum: 10c0/5a6a50174e5ac79aebf38a120fe57be7a84c8bb0c77117f30de15183aa5ab0161e78364d2d3725397090e362e5c5f6eda754b53057b0b63983e3ee604f888aca
  languageName: node
  linkType: hard

"@paralleldrive/cuid2@npm:^3.3.0":
  version: 3.3.0
  resolution: "@paralleldrive/cuid2@npm:3.3.0"
  dependencies:
    "@noble/hashes": "npm:^2.0.1"
    bignumber.js: "npm:^9.3.1"
    error-causes: "npm:^3.0.2"
  bin:
    cuid2: bin/cuid2.js
  checksum: 10c0/a1c71f73f3c7cec1233c1fc3325a9ae19c4ca37c05f89dabaff650064cb84d048856b38c2fcfb5cc3a11d0711896d26cb8ba85b402cb33ea725e45d0aee276ca
  languageName: node
  linkType: hard

"@prettier/plugin-oxc@npm:^0.2.0":
  version: 0.2.0
  resolution: "@prettier/plugin-oxc@npm:0.2.0"
  dependencies:
    oxc-parser: "npm:0.137.0"
  checksum: 10c0/5347c407143f183ac13d37e247ee1611ad0bedaaf95fc63dbf0d016596f328bc51107af157936017abf6e199b5224dcbe1918fff6fae23800bfe19e1dc9079f9
  languageName: node
  linkType: hard

"@tybys/wasm-util@npm:^0.10.3":
  version: 0.10.3
  resolution: "@tybys/wasm-util@npm:0.10.3"
  dependencies:
    tslib: "npm:^2.4.0"
  checksum: 10c0/fd2bd2a79c6cd8c79ed1cf7a0fa375c64589264c88a27acaf9756d556b453ea222b62a4f68dd2fbb8b3a78b6bab3b1f4fb2431b6afc6aeda8344b53a521a1cd3
  languageName: node
  linkType: hard

"@types/luxon@npm:^3.7.1":
  version: 3.7.1
  resolution: "@types/luxon@npm:3.7.1"
  checksum: 10c0/2db30c13b58adcd86daa447faa3ba59515fe907ead8ee3e6bb716d662812af0619d712f6c1eb190cdd7f9d2c00444c3ecd80af0f36e8143eb0c5e7339d6b2aca
  languageName: node
  linkType: hard

"ansi-styles@npm:^6.2.3":
  version: 6.2.3
  resolution: "ansi-styles@npm:6.2.3"
  checksum: 10c0/23b8a4ce14e18fb854693b95351e286b771d23d8844057ed2e7d083cd3e708376c3323707ec6a24365f7d7eda3ca00327fe04092e29e551499ec4c8b7bfac868
  languageName: node
  linkType: hard

"bignumber.js@npm:^9.3.1":
  version: 9.3.1
  resolution: "bignumber.js@npm:9.3.1"
  checksum: 10c0/61342ba5fe1c10887f0ecf5be02ff6709271481aff48631f86b4d37d55a99b87ce441cfd54df3d16d10ee07ceab7e272fc0be430c657ffafbbbf7b7d631efb75
  languageName: node
  linkType: hard

"browser-or-node@npm:^3.0.0":
  version: 3.0.0
  resolution: "browser-or-node@npm:3.0.0"
  checksum: 10c0/05db930e0a21bfffef74dbc4a27eaa12113e7f43a95f3b80a925f624212d701b86034cdfb5c422bdee061c4ae8442d294feee8996e6ae2555a8e46ea0b830b52
  languageName: node
  linkType: hard

"deep-eql@npm:^5.0.2":
  version: 5.0.2
  resolution: "deep-eql@npm:5.0.2"
  checksum: 10c0/7102cf3b7bb719c6b9c0db2e19bf0aa9318d141581befe8c7ce8ccd39af9eaa4346e5e05adef7f9bd7015da0f13a3a25dcfe306ef79dc8668aedbecb658dd247
  languageName: node
  linkType: hard

"deepcopy-esm@npm:^2.1.2":
  version: 2.1.2
  resolution: "deepcopy-esm@npm:2.1.2"
  checksum: 10c0/b0c35e4fa1eff6451b2523868d149677f97ef4209dbef02477fc9f6dbb7eac7dfe59ad5af5df4d480626e96217ab3fd71ac1b2f701ff2d9993605703e3adfe15
  languageName: node
  linkType: hard

"detect-indent@npm:^7.0.2":
  version: 7.0.2
  resolution: "detect-indent@npm:7.0.2"
  checksum: 10c0/adb1334ca3fe516dc6817aff0a777540b88643ab92fe13a72d0f5d12721ca796ffdd0e5fedb7b45e6e82657156c6ad44f5d5758157f0439532ae7d07b595146b
  languageName: node
  linkType: hard

"detect-newline@npm:^4.0.1":
  version: 4.0.1
  resolution: "detect-newline@npm:4.0.1"
  checksum: 10c0/1cc1082e88ad477f30703ae9f23bd3e33816ea2db6a35333057e087d72d466f5a777809b71f560118ecff935d2c712f5b59e1008a8b56a900909d8fd4621c603
  languageName: node
  linkType: hard

"diff@npm:^9.0.0":
  version: 9.0.0
  resolution: "diff@npm:9.0.0"
  checksum: 10c0/a971cc88f66071a33bd3942db2f51b57d484e9856265ae45cf44fb28ab2fde91f132d9c26d8be0fb6082d2be94d29e1295c1adb251b7461935d6a2dd304cd161
  languageName: node
  linkType: hard

"error-causes@npm:^3.0.2":
  version: 3.0.2
  resolution: "error-causes@npm:3.0.2"
  checksum: 10c0/9cb37797bbf57983ef8b9a762b5ba40442b1fc5487c9bdaed7f54eb9d3f13015cade9dc45f80b01cc3781332772fda43a72e537d36be961ebe50c6da083fb06d
  languageName: node
  linkType: hard

"expect-type@npm:^1.3.0":
  version: 1.3.0
  resolution: "expect-type@npm:1.3.0"
  checksum: 10c0/8412b3fe4f392c420ab41dae220b09700e4e47c639a29ba7ba2e83cc6cffd2b4926f7ac9e47d7e277e8f4f02acda76fd6931cb81fd2b382fa9477ef9ada953fd
  languageName: node
  linkType: hard

"fdir@npm:^6.5.0":
  version: 6.5.0
  resolution: "fdir@npm:6.5.0"
  peerDependencies:
    picomatch: ^3 || ^4
  peerDependenciesMeta:
    picomatch:
      optional: true
  checksum: 10c0/e345083c4306b3aed6cb8ec551e26c36bab5c511e99ea4576a16750ddc8d3240e63826cc624f5ae17ad4dc82e68a253213b60d556c11bfad064b7607847ed07f
  languageName: node
  linkType: hard

"git-hooks-list@npm:^4.1.1":
  version: 4.2.1
  resolution: "git-hooks-list@npm:4.2.1"
  checksum: 10c0/c5cac4e0526dd186122739f87c9e687c62a5ae7daadc9852d1823435f18a21f43ee6938825b97ecbb53c8c45456d94cc081fd5a2cf7eb4ea7508e5d9fa5fb5f3
  languageName: node
  linkType: hard

"is-plain-obj@npm:^4.1.0":
  version: 4.1.0
  resolution: "is-plain-obj@npm:4.1.0"
  checksum: 10c0/32130d651d71d9564dc88ba7e6fda0e91a1010a3694648e9f4f47bb6080438140696d3e3e15c741411d712e47ac9edc1a8a9de1fe76f3487b0d90be06ac9975e
  languageName: node
  linkType: hard

"json5@npm:^2.2.3":
  version: 2.2.3
  resolution: "json5@npm:2.2.3"
  bin:
    json5: lib/cli.js
  checksum: 10c0/5a04eed94810fa55c5ea138b2f7a5c12b97c3750bc63d11e511dcecbfef758003861522a070c2272764ee0f4e3e323862f386945aeb5b85b87ee43f084ba586c
  languageName: node
  linkType: hard

"luxon@npm:^3.7.2":
  version: 3.7.2
  resolution: "luxon@npm:3.7.2"
  checksum: 10c0/ed8f0f637826c08c343a29dd478b00628be93bba6f068417b1d8896b61cb61c6deacbe1df1e057dbd9298334044afa150f9aaabbeb3181418ac8520acfdc2ae2
  languageName: node
  linkType: hard

"oxc-parser@npm:0.137.0":
  version: 0.137.0
  resolution: "oxc-parser@npm:0.137.0"
  dependencies:
    "@oxc-parser/binding-android-arm-eabi": "npm:0.137.0"
    "@oxc-parser/binding-android-arm64": "npm:0.137.0"
    "@oxc-parser/binding-darwin-arm64": "npm:0.137.0"
    "@oxc-parser/binding-darwin-x64": "npm:0.137.0"
    "@oxc-parser/binding-freebsd-x64": "npm:0.137.0"
    "@oxc-parser/binding-linux-arm-gnueabihf": "npm:0.137.0"
    "@oxc-parser/binding-linux-arm-musleabihf": "npm:0.137.0"
    "@oxc-parser/binding-linux-arm64-gnu": "npm:0.137.0"
    "@oxc-parser/binding-linux-arm64-musl": "npm:0.137.0"
    "@oxc-parser/binding-linux-ppc64-gnu": "npm:0.137.0"
    "@oxc-parser/binding-linux-riscv64-gnu": "npm:0.137.0"
    "@oxc-parser/binding-linux-riscv64-musl": "npm:0.137.0"
    "@oxc-parser/binding-linux-s390x-gnu": "npm:0.137.0"
    "@oxc-parser/binding-linux-x64-gnu": "npm:0.137.0"
    "@oxc-parser/binding-linux-x64-musl": "npm:0.137.0"
    "@oxc-parser/binding-openharmony-arm64": "npm:0.137.0"
    "@oxc-parser/binding-wasm32-wasi": "npm:0.137.0"
    "@oxc-parser/binding-win32-arm64-msvc": "npm:0.137.0"
    "@oxc-parser/binding-win32-ia32-msvc": "npm:0.137.0"
    "@oxc-parser/binding-win32-x64-msvc": "npm:0.137.0"
    "@oxc-project/types": "npm:^0.137.0"
  dependenciesMeta:
    "@oxc-parser/binding-android-arm-eabi":
      optional: true
    "@oxc-parser/binding-android-arm64":
      optional: true
    "@oxc-parser/binding-darwin-arm64":
      optional: true
    "@oxc-parser/binding-darwin-x64":
      optional: true
    "@oxc-parser/binding-freebsd-x64":
      optional: true
    "@oxc-parser/binding-linux-arm-gnueabihf":
      optional: true
    "@oxc-parser/binding-linux-arm-musleabihf":
      optional: true
    "@oxc-parser/binding-linux-arm64-gnu":
      optional: true
    "@oxc-parser/binding-linux-arm64-musl":
      optional: true
    "@oxc-parser/binding-linux-ppc64-gnu":
      optional: true
    "@oxc-parser/binding-linux-riscv64-gnu":
      optional: true
    "@oxc-parser/binding-linux-riscv64-musl":
      optional: true
    "@oxc-parser/binding-linux-s390x-gnu":
      optional: true
    "@oxc-parser/binding-linux-x64-gnu":
      optional: true
    "@oxc-parser/binding-linux-x64-musl":
      optional: true
    "@oxc-parser/binding-openharmony-arm64":
      optional: true
    "@oxc-parser/binding-wasm32-wasi":
      optional: true
    "@oxc-parser/binding-win32-arm64-msvc":
      optional: true
    "@oxc-parser/binding-win32-ia32-msvc":
      optional: true
    "@oxc-parser/binding-win32-x64-msvc":
      optional: true
  checksum: 10c0/0e34289e73a50d3b65335c876a2d0af79db75c85c8dfb6cd4a777de7a9348e6e3450f7ed4dda5b2b532a458e67f79c7cc98a2ff8d3e45974401064932f8ac7ea
  languageName: node
  linkType: hard

"picomatch@npm:^4.0.3":
  version: 4.0.3
  resolution: "picomatch@npm:4.0.3"
  checksum: 10c0/9582c951e95eebee5434f59e426cddd228a7b97a0161a375aed4be244bd3fe8e3a31b846808ea14ef2c8a2527a6eeab7b3946a67d5979e81694654f939473ae2
  languageName: node
  linkType: hard

"prettier-plugin-multiline-arrays@npm:^4.1.9":
  version: 4.1.9
  resolution: "prettier-plugin-multiline-arrays@npm:4.1.9"
  dependencies:
    "@augment-vir/assert": "npm:^31.71.3"
    "@augment-vir/common": "npm:^31.71.3"
    proxy-vir: "npm:^2.0.2"
  peerDependencies:
    prettier: ">=3.0.0 <4.0.0"
  checksum: 10c0/be0179ff3d1a582a0ec41bcd6a1f8fb47f076fd7307a02e7de57a1036927ad9d6509b586d0108a0a7c63adc17c1d3aff28806f3e49062b32b1c3b7dc955be159
  languageName: node
  linkType: hard

"prettier-plugin-packagejson@npm:^3.0.2":
  version: 3.0.2
  resolution: "prettier-plugin-packagejson@npm:3.0.2"
  dependencies:
    sort-package-json: "npm:^3.6.0"
  peerDependencies:
    prettier: ^3
  peerDependenciesMeta:
    prettier:
      optional: true
  checksum: 10c0/c277b3252ce299c11053ad1b01968b0895b3baf2483323fcedbdae66ce9999b76d4b9e70396c58c39c61429d4672ba3f63a5e6e9a3104ff3b0000ec5214a4963
  languageName: node
  linkType: hard

"prettier-plugin-sort-json@npm:^4.2.0":
  version: 4.2.0
  resolution: "prettier-plugin-sort-json@npm:4.2.0"
  peerDependencies:
    prettier: ^3.0.0
  checksum: 10c0/e1eea20998bd32da682d226c0eeb39f8a33548299f7092aa89c28caf1c171524a408d6b06773ef953b688f48577edaa3bfd7965e4b39a7e64c78dd9796216be3
  languageName: node
  linkType: hard

"prettier@npm:^3.9.1":
  version: 3.9.4
  resolution: "prettier@npm:3.9.4"
  bin:
    prettier: bin/prettier.cjs
  checksum: 10c0/dc6ec13d692745c6b7e7bf39beda9eb1b3b76c619118319bce393928c392264b1273337c75f80499695e165affefc7b3a9d2ebb18983af0a8f4dfbb2f45f6ff3
  languageName: node
  linkType: hard

"proxy-vir@npm:^2.0.2":
  version: 2.0.2
  resolution: "proxy-vir@npm:2.0.2"
  dependencies:
    "@augment-vir/assert": "npm:^31.59.3"
    "@augment-vir/common": "npm:^31.59.3"
  checksum: 10c0/558ded5e552afe27b2c39681318dc8439c2ed685b60d64a6b3a028c11789503c9388a003b30c6672792792e8fdefa938d4d3983f52998837f7a9778c73c6be31
  languageName: node
  linkType: hard

"semver@npm:^7.7.3":
  version: 7.7.4
  resolution: "semver@npm:7.7.4"
  bin:
    semver: bin/semver.js
  checksum: 10c0/5215ad0234e2845d4ea5bb9d836d42b03499546ddafb12075566899fc617f68794bb6f146076b6881d755de17d6c6cc73372555879ec7dce2c2feee947866ad2
  languageName: node
  linkType: hard

"sort-object-keys@npm:^2.0.1":
  version: 2.1.0
  resolution: "sort-object-keys@npm:2.1.0"
  checksum: 10c0/3e10c4892c379800a920c83f943fd98b3d7cf3eb3db67b0470ead95f180c3fb95146e22ef176c4c71395537597deb8320a80ace8025c39eadc8da4b38ae26b5f
  languageName: node
  linkType: hard

"sort-package-json@npm:^3.6.0":
  version: 3.6.1
  resolution: "sort-package-json@npm:3.6.1"
  dependencies:
    detect-indent: "npm:^7.0.2"
    detect-newline: "npm:^4.0.1"
    git-hooks-list: "npm:^4.1.1"
    is-plain-obj: "npm:^4.1.0"
    semver: "npm:^7.7.3"
    sort-object-keys: "npm:^2.0.1"
    tinyglobby: "npm:^0.2.15"
  bin:
    sort-package-json: cli.js
  checksum: 10c0/169ea6b8fa233b77ff93f928c73392cbd53573b1faec24692b7b5afdd3487f1b1c3f390467628385dd64e3e01632b7be0c6b380fbb471c70d00c4c7884f44916
  languageName: node
  linkType: hard

"tagged-tag@npm:^1.0.0":
  version: 1.0.0
  resolution: "tagged-tag@npm:1.0.0"
  checksum: 10c0/91d25c9ffb86a91f20522cefb2cbec9b64caa1febe27ad0df52f08993ff60888022d771e868e6416cf2e72dab68449d2139e8709ba009b74c6c7ecd4000048d1
  languageName: node
  linkType: hard

"tinyglobby@npm:^0.2.15":
  version: 0.2.15
  resolution: "tinyglobby@npm:0.2.15"
  dependencies:
    fdir: "npm:^6.5.0"
    picomatch: "npm:^4.0.3"
  checksum: 10c0/869c31490d0d88eedb8305d178d4c75e7463e820df5a9b9d388291daf93e8b1eb5de1dad1c1e139767e4269fe75f3b10d5009b2cc14db96ff98986920a186844
  languageName: node
  linkType: hard

"tslib@npm:^2.4.0":
  version: 2.8.1
  resolution: "tslib@npm:2.8.1"
  checksum: 10c0/9c4759110a19c53f992d9aae23aac5ced636e99887b51b9e61def52611732872ff7668757d4e4c61f19691e36f4da981cd9485e869b4a7408d689f6bf1f14e62
  languageName: node
  linkType: hard

"type-fest@npm:^5.7.0":
  version: 5.7.0
  resolution: "type-fest@npm:5.7.0"
  dependencies:
    tagged-tag: "npm:^1.0.0"
  checksum: 10c0/f71ed17b753649421e419db8cc2e140f930333a1467b1d9cca2e0e4052900fd442f2360bae73f3a6bf9340d949ac46d9a1598c709b4c8089272e7624df9c8716
  languageName: node
  linkType: hard

"typed-event-target@npm:^4.3.1":
  version: 4.3.1
  resolution: "typed-event-target@npm:4.3.1"
  dependencies:
    "@augment-vir/assert": "npm:^31.71.3"
    "@augment-vir/common": "npm:^31.71.3"
    "@augment-vir/core": "npm:^31.71.3"
  checksum: 10c0/0bf96530858b9b2735e84fc59c39beab17336a7d0c43d6ad539aa98c7609e8b8c1b9abfd497b895ec147b998b3d5a6e3fcba13b07c850b15c17cf27d1ee56e72
  languageName: node
  linkType: hard
